// !$*UTF8*$!
{
	archiveVersion = 1;
	classes = {
	};
	objectVersion = 46;
	objects = {

/* Begin PBXBuildFile section */
		184299101A81C44A0022F8F9 /* main.m in Sources */ = {isa = PBXBuildFile; fileRef = 1842990F1A81C44A0022F8F9 /* main.m */; };
		184299131A81C44A0022F8F9 /* AppDelegate.m in Sources */ = {isa = PBXBuildFile; fileRef = 184299121A81C44A0022F8F9 /* AppDelegate.m */; };
		184299161A81C44A0022F8F9 /* BasicAtLang.xcdatamodeld in Sources */ = {isa = PBXBuildFile; fileRef = 184299141A81C44A0022F8F9 /* BasicAtLang.xcdatamodeld */; };
		1842991E1A81C44A0022F8F9 /* Images.xcassets in Resources */ = {isa = PBXBuildFile; fileRef = 1842991D1A81C44A0022F8F9 /* Images.xcassets */; };
		184299211A81C44A0022F8F9 /* LaunchScreen.xib in Resources */ = {isa = PBXBuildFile; fileRef = 1842991F1A81C44A0022F8F9 /* LaunchScreen.xib */; };
		1842992D1A81C44A0022F8F9 /* BasicAtLangTests.m in Sources */ = {isa = PBXBuildFile; fileRef = 1842992C1A81C44A0022F8F9 /* BasicAtLangTests.m */; };
		1842993B1A81C68C0022F8F9 /* BasicMainViewController.m in Sources */ = {isa = PBXBuildFile; fileRef = 184299391A81C68C0022F8F9 /* BasicMainViewController.m */; };
		1842993C1A81C68C0022F8F9 /* BasicMainViewController.xib in Resources */ = {isa = PBXBuildFile; fileRef = 1842993A1A81C68C0022F8F9 /* BasicMainViewController.xib */; };
		18CCB4AB1A882EC0005F281F /* SocialMediaViewController.m in Sources */ = {isa = PBXBuildFile; fileRef = 18CCB4A91A882EC0005F281F /* SocialMediaViewController.m */; };
		18CCB4AC1A882EC0005F281F /* SocialMediaViewController.xib in Resources */ = {isa = PBXBuildFile; fileRef = 18CCB4AA1A882EC0005F281F /* SocialMediaViewController.xib */; };
		18CCB4B91A8851DD005F281F /* ScheduleViewController.m in Sources */ = {isa = PBXBuildFile; fileRef = 18CCB4B71A8851DD005F281F /* ScheduleViewController.m */; };
		18CCB4BA1A8851DD005F281F /* ScheduleViewController.xib in Resources */ = {isa = PBXBuildFile; fileRef = 18CCB4B81A8851DD005F281F /* ScheduleViewController.xib */; };
		18CCB4BF1A885389005F281F /* BlogViewController.m in Sources */ = {isa = PBXBuildFile; fileRef = 18CCB4BD1A885389005F281F /* BlogViewController.m */; };
		18CCB4C01A885389005F281F /* BlogViewController.xib in Resources */ = {isa = PBXBuildFile; fileRef = 18CCB4BE1A885389005F281F /* BlogViewController.xib */; };
		18CCB4C51A885892005F281F /* GetInvolvedViewController.m in Sources */ = {isa = PBXBuildFile; fileRef = 18CCB4C31A885892005F281F /* GetInvolvedViewController.m */; };
		18CCB4C61A885892005F281F /* GetInvolvedViewController.xib in Resources */ = {isa = PBXBuildFile; fileRef = 18CCB4C41A885892005F281F /* GetInvolvedViewController.xib */; };
		18CCB4CB1A885DB7005F281F /* BasicTeachingsViewController.m in Sources */ = {isa = PBXBuildFile; fileRef = 18CCB4C91A885DB7005F281F /* BasicTeachingsViewController.m */; };
		18CCB4CC1A885DB7005F281F /* BasicTeachingsViewController.xib in Resources */ = {isa = PBXBuildFile; fileRef = 18CCB4CA1A885DB7005F281F /* BasicTeachingsViewController.xib */; };
/* End PBXBuildFile section */

/* Begin PBXContainerItemProxy section */
		184299271A81C44A0022F8F9 /* PBXContainerItemProxy */ = {
			isa = PBXContainerItemProxy;
			containerPortal = 184299021A81C44A0022F8F9 /* Project object */;
			proxyType = 1;
			remoteGlobalIDString = 184299091A81C44A0022F8F9;
			remoteInfo = BasicAtLang;
		};
/* End PBXContainerItemProxy section */

/* Begin PBXFileReference section */
		1842990A1A81C44A0022F8F9 /* BasicAtLang.app */ = {isa = PBXFileReference; explicitFileType = wrapper.application; includeInIndex = 0; path = BasicAtLang.app; sourceTree = BUILT_PRODUCTS_DIR; };
		1842990E1A81C44A0022F8F9 /* Info.plist */ = {isa = PBXFileReference; lastKnownFileType = text.plist.xml; path = Info.plist; sourceTree = "<group>"; };
		1842990F1A81C44A0022F8F9 /* main.m */ = {isa = PBXFileReference; lastKnownFileType = sourcecode.c.objc; path = main.m; sourceTree = "<group>"; };
		184299111A81C44A0022F8F9 /* AppDelegate.h */ = {isa = PBXFileReference; lastKnownFileType = sourcecode.c.h; path = AppDelegate.h; sourceTree = "<group>"; };
		184299121A81C44A0022F8F9 /* AppDelegate.m */ = {isa = PBXFileReference; lastKnownFileType = sourcecode.c.objc; path = AppDelegate.m; sourceTree = "<group>"; };
		184299151A81C44A0022F8F9 /* BasicAtLang.xcdatamodel */ = {isa = PBXFileReference; lastKnownFileType = wrapper.xcdatamodel; path = BasicAtLang.xcdatamodel; sourceTree = "<group>"; };
		1842991D1A81C44A0022F8F9 /* Images.xcassets */ = {isa = PBXFileReference; lastKnownFileType = folder.assetcatalog; path = Images.xcassets; sourceTree = "<group>"; };
		184299201A81C44A0022F8F9 /* Base */ = {isa = PBXFileReference; lastKnownFileType = file.xib; name = Base; path = Base.lproj/LaunchScreen.xib; sourceTree = "<group>"; };
		184299261A81C44A0022F8F9 /* BasicAtLangTests.xctest */ = {isa = PBXFileReference; explicitFileType = wrapper.cfbundle; includeInIndex = 0; path = BasicAtLangTests.xctest; sourceTree = BUILT_PRODUCTS_DIR; };
		1842992B1A81C44A0022F8F9 /* Info.plist */ = {isa = PBXFileReference; lastKnownFileType = text.plist.xml; path = Info.plist; sourceTree = "<group>"; };
		1842992C1A81C44A0022F8F9 /* BasicAtLangTests.m */ = {isa = PBXFileReference; lastKnownFileType = sourcecode.c.objc; path = BasicAtLangTests.m; sourceTree = "<group>"; };
		184299381A81C68C0022F8F9 /* BasicMainViewController.h */ = {isa = PBXFileReference; fileEncoding = 4; lastKnownFileType = sourcecode.c.h; path = BasicMainViewController.h; sourceTree = "<group>"; };
		184299391A81C68C0022F8F9 /* BasicMainViewController.m */ = {isa = PBXFileReference; fileEncoding = 4; lastKnownFileType = sourcecode.c.objc; path = BasicMainViewController.m; sourceTree = "<group>"; };
		1842993A1A81C68C0022F8F9 /* BasicMainViewController.xib */ = {isa = PBXFileReference; fileEncoding = 4; lastKnownFileType = file.xib; path = BasicMainViewController.xib; sourceTree = "<group>"; };
		18CCB4A81A882EC0005F281F /* SocialMediaViewController.h */ = {isa = PBXFileReference; fileEncoding = 4; lastKnownFileType = sourcecode.c.h; path = SocialMediaViewController.h; sourceTree = "<group>"; };
		18CCB4A91A882EC0005F281F /* SocialMediaViewController.m */ = {isa = PBXFileReference; fileEncoding = 4; lastKnownFileType = sourcecode.c.objc; path = SocialMediaViewController.m; sourceTree = "<group>"; };
		18CCB4AA1A882EC0005F281F /* SocialMediaViewController.xib */ = {isa = PBXFileReference; fileEncoding = 4; lastKnownFileType = file.xib; path = SocialMediaViewController.xib; sourceTree = "<group>"; };
		18CCB4B61A8851DD005F281F /* ScheduleViewController.h */ = {isa = PBXFileReference; fileEncoding = 4; lastKnownFileType = sourcecode.c.h; name = ScheduleViewController.h; path = BasicAtLang/ScheduleViewController.h; sourceTree = "<group>"; };
		18CCB4B71A8851DD005F281F /* ScheduleViewController.m */ = {isa = PBXFileReference; fileEncoding = 4; lastKnownFileType = sourcecode.c.objc; name = ScheduleViewController.m; path = BasicAtLang/ScheduleViewController.m; sourceTree = "<group>"; };
		18CCB4B81A8851DD005F281F /* ScheduleViewController.xib */ = {isa = PBXFileReference; fileEncoding = 4; lastKnownFileType = file.xib; name = ScheduleViewController.xib; path = BasicAtLang/ScheduleViewController.xib; sourceTree = "<group>"; };
		18CCB4BC1A885389005F281F /* BlogViewController.h */ = {isa = PBXFileReference; fileEncoding = 4; lastKnownFileType = sourcecode.c.h; path = BlogViewController.h; sourceTree = "<group>"; };
		18CCB4BD1A885389005F281F /* BlogViewController.m */ = {isa = PBXFileReference; fileEncoding = 4; lastKnownFileType = sourcecode.c.objc; path = BlogViewController.m; sourceTree = "<group>"; };
		18CCB4BE1A885389005F281F /* BlogViewController.xib */ = {isa = PBXFileReference; fileEncoding = 4; lastKnownFileType = file.xib; path = BlogViewController.xib; sourceTree = "<group>"; };
		18CCB4C21A885892005F281F /* GetInvolvedViewController.h */ = {isa = PBXFileReference; fileEncoding = 4; lastKnownFileType = sourcecode.c.h; path = GetInvolvedViewController.h; sourceTree = "<group>"; };
		18CCB4C31A885892005F281F /* GetInvolvedViewController.m */ = {isa = PBXFileReference; fileEncoding = 4; lastKnownFileType = sourcecode.c.objc; path = GetInvolvedViewController.m; sourceTree = "<group>"; };
		18CCB4C41A885892005F281F /* GetInvolvedViewController.xib */ = {isa = PBXFileReference; fileEncoding = 4; lastKnownFileType = file.xib; path = GetInvolvedViewController.xib; sourceTree = "<group>"; };
		18CCB4C81A885DB7005F281F /* BasicTeachingsViewController.h */ = {isa = PBXFileReference; fileEncoding = 4; lastKnownFileType = sourcecode.c.h; path = BasicTeachingsViewController.h; sourceTree = "<group>"; };
		18CCB4C91A885DB7005F281F /* BasicTeachingsViewController.m */ = {isa = PBXFileReference; fileEncoding = 4; lastKnownFileType = sourcecode.c.objc; path = BasicTeachingsViewController.m; sourceTree = "<group>"; };
		18CCB4CA1A885DB7005F281F /* BasicTeachingsViewController.xib */ = {isa = PBXFileReference; fileEncoding = 4; lastKnownFileType = file.xib; path = BasicTeachingsViewController.xib; sourceTree = "<group>"; };
/* End PBXFileReference section */

/* Begin PBXFrameworksBuildPhase section */
		184299071A81C44A0022F8F9 /* Frameworks */ = {
			isa = PBXFrameworksBuildPhase;
			buildActionMask = 2147483647;
			files = (
			);
			runOnlyForDeploymentPostprocessing = 0;
		};
		184299231A81C44A0022F8F9 /* Frameworks */ = {
			isa = PBXFrameworksBuildPhase;
			buildActionMask = 2147483647;
			files = (
			);
			runOnlyForDeploymentPostprocessing = 0;
		};
/* End PBXFrameworksBuildPhase section */

/* Begin PBXGroup section */
		184299011A81C44A0022F8F9 = {
			isa = PBXGroup;
			children = (
				1842990C1A81C44A0022F8F9 /* BasicAtLang */,
				184299291A81C44A0022F8F9 /* BasicAtLangTests */,
				1842990B1A81C44A0022F8F9 /* Products */,
			);
			sourceTree = "<group>";
		};
		1842990B1A81C44A0022F8F9 /* Products */ = {
			isa = PBXGroup;
			children = (
				1842990A1A81C44A0022F8F9 /* BasicAtLang.app */,
				184299261A81C44A0022F8F9 /* BasicAtLangTests.xctest */,
			);
			name = Products;
			sourceTree = "<group>";
		};
		1842990C1A81C44A0022F8F9 /* BasicAtLang */ = {
			isa = PBXGroup;
			children = (
				184299111A81C44A0022F8F9 /* AppDelegate.h */,
				184299121A81C44A0022F8F9 /* AppDelegate.m */,
				1842991D1A81C44A0022F8F9 /* Images.xcassets */,
				18CCB4B41A8851A4005F281F /* Main Page */,
				18CCB4BB1A8851E6005F281F /* Schedule */,
				18CCB4B51A8851B4005F281F /* Social Media */,
				18CCB4C11A885391005F281F /* Blog */,
				18CCB4C71A88589F005F281F /* Get Involved */,
				18CCB4CD1A885DC0005F281F /* Teachings */,
				1842991F1A81C44A0022F8F9 /* LaunchScreen.xib */,
				184299141A81C44A0022F8F9 /* BasicAtLang.xcdatamodeld */,
				1842990D1A81C44A0022F8F9 /* Supporting Files */,
			);
			path = BasicAtLang;
			sourceTree = "<group>";
		};
		1842990D1A81C44A0022F8F9 /* Supporting Files */ = {
			isa = PBXGroup;
			children = (
				1842990E1A81C44A0022F8F9 /* Info.plist */,
				1842990F1A81C44A0022F8F9 /* main.m */,
			);
			name = "Supporting Files";
			sourceTree = "<group>";
		};
		184299291A81C44A0022F8F9 /* BasicAtLangTests */ = {
			isa = PBXGroup;
			children = (
				1842992C1A81C44A0022F8F9 /* BasicAtLangTests.m */,
				1842992A1A81C44A0022F8F9 /* Supporting Files */,
			);
			path = BasicAtLangTests;
			sourceTree = "<group>";
		};
		1842992A1A81C44A0022F8F9 /* Supporting Files */ = {
			isa = PBXGroup;
			children = (
				1842992B1A81C44A0022F8F9 /* Info.plist */,
			);
			name = "Supporting Files";
			sourceTree = "<group>";
		};
		18CCB4B41A8851A4005F281F /* Main Page */ = {
			isa = PBXGroup;
			children = (
				184299381A81C68C0022F8F9 /* BasicMainViewController.h */,
				184299391A81C68C0022F8F9 /* BasicMainViewController.m */,
				1842993A1A81C68C0022F8F9 /* BasicMainViewController.xib */,
			);
			name = "Main Page";
			sourceTree = "<group>";
		};
		18CCB4B51A8851B4005F281F /* Social Media */ = {
			isa = PBXGroup;
			children = (
				18CCB4A81A882EC0005F281F /* SocialMediaViewController.h */,
				18CCB4A91A882EC0005F281F /* SocialMediaViewController.m */,
				18CCB4AA1A882EC0005F281F /* SocialMediaViewController.xib */,
			);
			name = "Social Media";
			sourceTree = "<group>";
		};
		18CCB4BB1A8851E6005F281F /* Schedule */ = {
			isa = PBXGroup;
			children = (
				18CCB4B61A8851DD005F281F /* ScheduleViewController.h */,
				18CCB4B71A8851DD005F281F /* ScheduleViewController.m */,
				18CCB4B81A8851DD005F281F /* ScheduleViewController.xib */,
			);
			name = Schedule;
			path = ..;
			sourceTree = "<group>";
		};
		18CCB4C11A885391005F281F /* Blog */ = {
			isa = PBXGroup;
			children = (
				18CCB4BC1A885389005F281F /* BlogViewController.h */,
				18CCB4BD1A885389005F281F /* BlogViewController.m */,
				18CCB4BE1A885389005F281F /* BlogViewController.xib */,
			);
			name = Blog;
			sourceTree = "<group>";
		};
		18CCB4C71A88589F005F281F /* Get Involved */ = {
			isa = PBXGroup;
			children = (
				18CCB4C21A885892005F281F /* GetInvolvedViewController.h */,
				18CCB4C31A885892005F281F /* GetInvolvedViewController.m */,
				18CCB4C41A885892005F281F /* GetInvolvedViewController.xib */,
			);
			name = "Get Involved";
			sourceTree = "<group>";
		};
		18CCB4CD1A885DC0005F281F /* Teachings */ = {
			isa = PBXGroup;
			children = (
				18CCB4C81A885DB7005F281F /* BasicTeachingsViewController.h */,
				18CCB4C91A885DB7005F281F /* BasicTeachingsViewController.m */,
				18CCB4CA1A885DB7005F281F /* BasicTeachingsViewController.xib */,
			);
			name = Teachings;
			sourceTree = "<group>";
		};
/* End PBXGroup section */

/* Begin PBXNativeTarget section */
		184299091A81C44A0022F8F9 /* BasicAtLang */ = {
			isa = PBXNativeTarget;
			buildConfigurationList = 184299301A81C44A0022F8F9 /* Build configuration list for PBXNativeTarget "BasicAtLang" */;
			buildPhases = (
				184299061A81C44A0022F8F9 /* Sources */,
				184299071A81C44A0022F8F9 /* Frameworks */,
				184299081A81C44A0022F8F9 /* Resources */,
			);
			buildRules = (
			);
			dependencies = (
			);
			name = BasicAtLang;
			productName = BasicAtLang;
			productReference = 1842990A1A81C44A0022F8F9 /* BasicAtLang.app */;
			productType = "com.apple.product-type.application";
		};
		184299251A81C44A0022F8F9 /* BasicAtLangTests */ = {
			isa = PBXNativeTarget;
			buildConfigurationList = 184299331A81C44A0022F8F9 /* Build configuration list for PBXNativeTarget "BasicAtLangTests" */;
			buildPhases = (
				184299221A81C44A0022F8F9 /* Sources */,
				184299231A81C44A0022F8F9 /* Frameworks */,
				184299241A81C44A0022F8F9 /* Resources */,
			);
			buildRules = (
			);
			dependencies = (
				184299281A81C44A0022F8F9 /* PBXTargetDependency */,
			);
			name = BasicAtLangTests;
			productName = BasicAtLangTests;
			productReference = 184299261A81C44A0022F8F9 /* BasicAtLangTests.xctest */;
			productType = "com.apple.product-type.bundle.unit-test";
		};
/* End PBXNativeTarget section */

/* Begin PBXProject section */
		184299021A81C44A0022F8F9 /* Project object */ = {
			isa = PBXProject;
			attributes = {
				LastUpgradeCheck = 0610;
				ORGANIZATIONNAME = EthanWestering;
				TargetAttributes = {
					184299091A81C44A0022F8F9 = {
						CreatedOnToolsVersion = 6.1.1;
					};
					184299251A81C44A0022F8F9 = {
						CreatedOnToolsVersion = 6.1.1;
						TestTargetID = 184299091A81C44A0022F8F9;
					};
				};
			};
			buildConfigurationList = 184299051A81C44A0022F8F9 /* Build configuration list for PBXProject "BasicAtLang" */;
			compatibilityVersion = "Xcode 3.2";
			developmentRegion = English;
			hasScannedForEncodings = 0;
			knownRegions = (
				en,
				Base,
			);
			mainGroup = 184299011A81C44A0022F8F9;
			productRefGroup = 1842990B1A81C44A0022F8F9 /* Products */;
			projectDirPath = "";
			projectRoot = "";
			targets = (
				184299091A81C44A0022F8F9 /* BasicAtLang */,
				184299251A81C44A0022F8F9 /* BasicAtLangTests */,
			);
		};
/* End PBXProject section */

/* Begin PBXResourcesBuildPhase section */
		184299081A81C44A0022F8F9 /* Resources */ = {
			isa = PBXResourcesBuildPhase;
			buildActionMask = 2147483647;
			files = (
				18CCB4CC1A885DB7005F281F /* BasicTeachingsViewController.xib in Resources */,
				18CCB4C01A885389005F281F /* BlogViewController.xib in Resources */,
				18CCB4AC1A882EC0005F281F /* SocialMediaViewController.xib in Resources */,
				184299211A81C44A0022F8F9 /* LaunchScreen.xib in Resources */,
				18CCB4BA1A8851DD005F281F /* ScheduleViewController.xib in Resources */,
				1842991E1A81C44A0022F8F9 /* Images.xcassets in Resources */,
				1842993C1A81C68C0022F8F9 /* BasicMainViewController.xib in Resources */,
				18CCB4C61A885892005F281F /* GetInvolvedViewController.xib in Resources */,
			);
			runOnlyForDeploymentPostprocessing = 0;
		};
		184299241A81C44A0022F8F9 /* Resources */ = {
			isa = PBXResourcesBuildPhase;
			buildActionMask = 2147483647;
			files = (
			);
			runOnlyForDeploymentPostprocessing = 0;
		};
/* End PBXResourcesBuildPhase section */

/* Begin PBXSourcesBuildPhase section */
		184299061A81C44A0022F8F9 /* Sources */ = {
			isa = PBXSourcesBuildPhase;
			buildActionMask = 2147483647;
			files = (
				18CCB4BF1A885389005F281F /* BlogViewController.m in Sources */,
				18CCB4AB1A882EC0005F281F /* SocialMediaViewController.m in Sources */,
				18CCB4B91A8851DD005F281F /* ScheduleViewController.m in Sources */,
				184299131A81C44A0022F8F9 /* AppDelegate.m in Sources */,
				18CCB4C51A885892005F281F /* GetInvolvedViewController.m in Sources */,
				184299101A81C44A0022F8F9 /* main.m in Sources */,
				1842993B1A81C68C0022F8F9 /* BasicMainViewController.m in Sources */,
				184299161A81C44A0022F8F9 /* BasicAtLang.xcdatamodeld in Sources */,
				18CCB4CB1A885DB7005F281F /* BasicTeachingsViewController.m in Sources */,
			);
			runOnlyForDeploymentPostprocessing = 0;
		};
		184299221A81C44A0022F8F9 /* Sources */ = {
			isa = PBXSourcesBuildPhase;
			buildActionMask = 2147483647;
			files = (
				1842992D1A81C44A0022F8F9 /* BasicAtLangTests.m in Sources */,
			);
			runOnlyForDeploymentPostprocessing = 0;
		};
/* End PBXSourcesBuildPhase section */

/* Begin PBXTargetDependency section */
		184299281A81C44A0022F8F9 /* PBXTargetDependency */ = {
			isa = PBXTargetDependency;
			target = 184299091A81C44A0022F8F9 /* BasicAtLang */;
			targetProxy = 184299271A81C44A0022F8F9 /* PBXContainerItemProxy */;
		};
/* End PBXTargetDependency section */

/* Begin PBXVariantGroup section */
		1842991F1A81C44A0022F8F9 /* LaunchScreen.xib */ = {
			isa = PBXVariantGroup;
			children = (
				184299201A81C44A0022F8F9 /* Base */,
			);
			name = LaunchScreen.xib;
			sourceTree = "<group>";
		};
/* End PBXVariantGroup section */

/* Begin XCBuildConfiguration section */
		1842992E1A81C44A0022F8F9 /* Debug */ = {
			isa = XCBuildConfiguration;
			buildSettings = {
				ALWAYS_SEARCH_USER_PATHS = NO;
				CLANG_CXX_LANGUAGE_STANDARD = "gnu++0x";
				CLANG_CXX_LIBRARY = "libc++";
				CLANG_ENABLE_MODULES = YES;
				CLANG_ENABLE_OBJC_ARC = YES;
				CLANG_WARN_BOOL_CONVERSION = YES;
				CLANG_WARN_CONSTANT_CONVERSION = YES;
				CLANG_WARN_DIRECT_OBJC_ISA_USAGE = YES_ERROR;
				CLANG_WARN_EMPTY_BODY = YES;
				CLANG_WARN_ENUM_CONVERSION = YES;
				CLANG_WARN_INT_CONVERSION = YES;
				CLANG_WARN_OBJC_ROOT_CLASS = YES_ERROR;
				CLANG_WARN_UNREACHABLE_CODE = YES;
				CLANG_WARN__DUPLICATE_METHOD_MATCH = YES;
				"CODE_SIGN_IDENTITY[sdk=iphoneos*]" = "iPhone Developer";
				COPY_PHASE_STRIP = NO;
				ENABLE_STRICT_OBJC_MSGSEND = YES;
				GCC_C_LANGUAGE_STANDARD = gnu99;
				GCC_DYNAMIC_NO_PIC = NO;
				GCC_OPTIMIZATION_LEVEL = 0;
				GCC_PREPROCESSOR_DEFINITIONS = (
					"DEBUG=1",
					"$(inherited)",
				);
				GCC_SYMBOLS_PRIVATE_EXTERN = NO;
				GCC_WARN_64_TO_32_BIT_CONVERSION = YES;
				GCC_WARN_ABOUT_RETURN_TYPE = YES_ERROR;
				GCC_WARN_UNDECLARED_SELECTOR = YES;
				GCC_WARN_UNINITIALIZED_AUTOS = YES_AGGRESSIVE;
				GCC_WARN_UNUSED_FUNCTION = YES;
				GCC_WARN_UNUSED_VARIABLE = YES;
				IPHONEOS_DEPLOYMENT_TARGET = 8.1;
				MTL_ENABLE_DEBUG_INFO = YES;
				ONLY_ACTIVE_ARCH = YES;
				SDKROOT = iphoneos;
			};
			name = Debug;
		};
		1842992F1A81C44A0022F8F9 /* Release */ = {
			isa = XCBuildConfiguration;
			buildSettings = {
				ALWAYS_SEARCH_USER_PATHS = NO;
				CLANG_CXX_LANGUAGE_STANDARD = "gnu++0x";
				CLANG_CXX_LIBRARY = "libc++";
				CLANG_ENABLE_MODULES = YES;
				CLANG_ENABLE_OBJC_ARC = YES;
				CLANG_WARN_BOOL_CONVERSION = YES;
				CLANG_WARN_CONSTANT_CONVERSION = YES;
				CLANG_WARN_DIRECT_OBJC_ISA_USAGE = YES_ERROR;
				CLANG_WARN_EMPTY_BODY = YES;
				CLANG_WARN_ENUM_CONVERSION = YES;
				CLANG_WARN_INT_CONVERSION = YES;
				CLANG_WARN_OBJC_ROOT_CLASS = YES_ERROR;
				CLANG_WARN_UNREACHABLE_CODE = YES;
				CLANG_WARN__DUPLICATE_METHOD_MATCH = YES;
				"CODE_SIGN_IDENTITY[sdk=iphoneos*]" = "iPhone Developer";
				COPY_PHASE_STRIP = YES;
				ENABLE_NS_ASSERTIONS = NO;
				ENABLE_STRICT_OBJC_MSGSEND = YES;
				GCC_C_LANGUAGE_STANDARD = gnu99;
				GCC_WARN_64_TO_32_BIT_CONVERSION = YES;
				GCC_WARN_ABOUT_RETURN_TYPE = YES_ERROR;
				GCC_WARN_UNDECLARED_SELECTOR = YES;
				GCC_WARN_UNINITIALIZED_AUTOS = YES_AGGRESSIVE;
				GCC_WARN_UNUSED_FUNCTION = YES;
				GCC_WARN_UNUSED_VARIABLE = YES;
				IPHONEOS_DEPLOYMENT_TARGET = 8.1;
				MTL_ENABLE_DEBUG_INFO = NO;
				SDKROOT = iphoneos;
				VALIDATE_PRODUCT = YES;
			};
			name = Release;
		};
		184299311A81C44A0022F8F9 /* Debug */ = {
			isa = XCBuildConfiguration;
			buildSettings = {
				ASSETCATALOG_COMPILER_APPICON_NAME = AppIcon;
				ASSETCATALOG_COMPILER_LAUNCHIMAGE_NAME = LaunchImage;
				INFOPLIST_FILE = BasicAtLang/Info.plist;
				LD_RUNPATH_SEARCH_PATHS = "$(inherited) @executable_path/Frameworks";
				PRODUCT_NAME = "$(TARGET_NAME)";
			};
			name = Debug;
		};
		184299321A81C44A0022F8F9 /* Release */ = {
			isa = XCBuildConfiguration;
			buildSettings = {
				ASSETCATALOG_COMPILER_APPICON_NAME = AppIcon;
				ASSETCATALOG_COMPILER_LAUNCHIMAGE_NAME = LaunchImage;
				INFOPLIST_FILE = BasicAtLang/Info.plist;
				LD_RUNPATH_SEARCH_PATHS = "$(inherited) @executable_path/Frameworks";
				PRODUCT_NAME = "$(TARGET_NAME)";
			};
			name = Release;
		};
		184299341A81C44A0022F8F9 /* Debug */ = {
			isa = XCBuildConfiguration;
			buildSettings = {
				BUNDLE_LOADER = "$(TEST_HOST)";
				FRAMEWORK_SEARCH_PATHS = (
					"$(SDKROOT)/Developer/Library/Frameworks",
					"$(inherited)",
				);
				GCC_PREPROCESSOR_DEFINITIONS = (
					"DEBUG=1",
					"$(inherited)",
				);
				INFOPLIST_FILE = BasicAtLangTests/Info.plist;
				LD_RUNPATH_SEARCH_PATHS = "$(inherited) @executable_path/Frameworks @loader_path/Frameworks";
				PRODUCT_NAME = "$(TARGET_NAME)";
				TEST_HOST = "$(BUILT_PRODUCTS_DIR)/BasicAtLang.app/BasicAtLang";
			};
			name = Debug;
		};
		184299351A81C44A0022F8F9 /* Release */ = {
			isa = XCBuildConfiguration;
			buildSettings = {
				BUNDLE_LOADER = "$(TEST_HOST)";
				FRAMEWORK_SEARCH_PATHS = (
					"$(SDKROOT)/Developer/Library/Frameworks",
					"$(inherited)",
				);
				INFOPLIST_FILE = BasicAtLangTests/Info.plist;
				LD_RUNPATH_SEARCH_PATHS = "$(inherited) @executable_path/Frameworks @loader_path/Frameworks";
				PRODUCT_NAME = "$(TARGET_NAME)";
				TEST_HOST = "$(BUILT_PRODUCTS_DIR)/BasicAtLang.app/BasicAtLang";
			};
			name = Release;
		};
/* End XCBuildConfiguration section */

/* Begin XCConfigurationList section */
		184299051A81C44A0022F8F9 /* Build configuration list for PBXProject "BasicAtLang" */ = {
			isa = XCConfigurationList;
			buildConfigurations = (
				1842992E1A81C44A0022F8F9 /* Debug */,
				1842992F1A81C44A0022F8F9 /* Release */,
			);
			defaultConfigurationIsVisible = 0;
			defaultConfigurationName = Release;
		};
		184299301A81C44A0022F8F9 /* Build configuration list for PBXNativeTarget "BasicAtLang" */ = {
			isa = XCConfigurationList;
			buildConfigurations = (
				184299311A81C44A0022F8F9 /* Debug */,
				184299321A81C44A0022F8F9 /* Release */,
			);
			defaultConfigurationIsVisible = 0;
			defaultConfigurationName = Release;
		};
		184299331A81C44A0022F8F9 /* Build configuration list for PBXNativeTarget "BasicAtLangTests" */ = {
			isa = XCConfigurationList;
			buildConfigurations = (
				184299341A81C44A0022F8F9 /* Debug */,
				184299351A81C44A0022F8F9 /* Release */,
			);
			defaultConfigurationIsVisible = 0;
			defaultConfigurationName = Release;
		};
/* End XCConfigurationList section */

/* Begin XCVersionGroup section */
		184299141A81C44A0022F8F9 /* BasicAtLang.xcdatamodeld */ = {
			isa = XCVersionGroup;
			children = (
				184299151A81C44A0022F8F9 /* BasicAtLang.xcdatamodel */,
			);
			currentVersion = 184299151A81C44A0022F8F9 /* BasicAtLang.xcdatamodel */;
			path = BasicAtLang.xcdatamodeld;
			sourceTree = "<group>";
			versionGroupType = wrapper.xcdatamodel;
		};
/* End XCVersionGroup section */
	};
	rootObject = 184299021A81C44A0022F8F9 /* Project object */;
}
